// !$*UTF8*$!
{
	archiveVersion = 1;
	classes = {
	};
	objectVersion = 55;
	objects = {

/* Begin PBXBuildFile section */
		F8DB80F727B3F0C1007A122B /* AppDelegate.swift in Sources */ = {isa = PBXBuildFile; fileRef = F8DB80F627B3F0C1007A122B /* AppDelegate.swift */; };
		F8DB80F927B3F0C1007A122B /* SceneDelegate.swift in Sources */ = {isa = PBXBuildFile; fileRef = F8DB80F827B3F0C1007A122B /* SceneDelegate.swift */; };
		F8DB80FB27B3F0C1007A122B /* ViewController.swift in Sources */ = {isa = PBXBuildFile; fileRef = F8DB80FA27B3F0C1007A122B /* ViewController.swift */; };
		F8DB80FE27B3F0C1007A122B /* Main.storyboard in Resources */ = {isa = PBXBuildFile; fileRef = F8DB80FC27B3F0C1007A122B /* Main.storyboard */; };
		F8DB810027B3F0C2007A122B /* Assets.xcassets in Resources */ = {isa = PBXBuildFile; fileRef = F8DB80FF27B3F0C2007A122B /* Assets.xcassets */; };
		F8DB810327B3F0C2007A122B /* LaunchScreen.storyboard in Resources */ = {isa = PBXBuildFile; fileRef = F8DB810127B3F0C2007A122B /* LaunchScreen.storyboard */; };
/* End PBXBuildFile section */

/* Begin PBXContainerItemProxy section */
		F8DB810A27B3F0C2007A122B /* PBXContainerItemProxy */ = {
			isa = PBXContainerItemProxy;
			containerPortal = F8DB80EB27B3F0C1007A122B /* Project object */;
			proxyType = 1;
			remoteGlobalIDString = F8DB80F227B3F0C1007A122B;
			remoteInfo = TestingNetworkResponses;
		};
/* End PBXContainerItemProxy section */

/* Begin PBXFileReference section */
		F8DB80F327B3F0C1007A122B /* TestingNetworkResponses.app */ = {isa = PBXFileReference; explicitFileType = wrapper.application; includeInIndex = 0; path = TestingNetworkResponses.app; sourceTree = BUILT_PRODUCTS_DIR; };
		F8DB80F627B3F0C1007A122B /* AppDelegate.swift */ = {isa = PBXFileReference; lastKnownFileType = sourcecode.swift; path = AppDelegate.swift; sourceTree = "<group>"; };
		F8DB80F827B3F0C1007A122B /* SceneDelegate.swift */ = {isa = PBXFileReference; lastKnownFileType = sourcecode.swift; path = SceneDelegate.swift; sourceTree = "<group>"; };
		F8DB80FA27B3F0C1007A122B /* ViewController.swift */ = {isa = PBXFileReference; lastKnownFileType = sourcecode.swift; path = ViewController.swift; sourceTree = "<group>"; };
		F8DB80FD27B3F0C1007A122B /* Base */ = {isa = PBXFileReference; lastKnownFileType = file.storyboard; name = Base; path = Base.lproj/Main.storyboard; sourceTree = "<group>"; };
		F8DB80FF27B3F0C2007A122B /* Assets.xcassets */ = {isa = PBXFileReference; lastKnownFileType = folder.assetcatalog; path = Assets.xcassets; sourceTree = "<group>"; };
		F8DB810227B3F0C2007A122B /* Base */ = {isa = PBXFileReference; lastKnownFileType = file.storyboard; name = Base; path = Base.lproj/LaunchScreen.storyboard; sourceTree = "<group>"; };
		F8DB810427B3F0C2007A122B /* Info.plist */ = {isa = PBXFileReference; lastKnownFileType = text.plist.xml; path = Info.plist; sourceTree = "<group>"; };
		F8DB810927B3F0C2007A122B /* TestingNetworkResponsesTests.xctest */ = {isa = PBXFileReference; explicitFileType = wrapper.cfbundle; includeInIndex = 0; path = TestingNetworkResponsesTests.xctest; sourceTree = BUILT_PRODUCTS_DIR; };
/* End PBXFileReference section */

/* Begin PBXFrameworksBuildPhase section */
		F8DB80F027B3F0C1007A122B /* Frameworks */ = {
			isa = PBXFrameworksBuildPhase;
			buildActionMask = 2147483647;
			files = (
			);
			runOnlyForDeploymentPostprocessing = 0;
		};
		F8DB810627B3F0C2007A122B /* Frameworks */ = {
			isa = PBXFrameworksBuildPhase;
			buildActionMask = 2147483647;
			files = (
			);
			runOnlyForDeploymentPostprocessing = 0;
		};
/* End PBXFrameworksBuildPhase section */

/* Begin PBXGroup section */
		F8DB80EA27B3F0C1007A122B = {
			isa = PBXGroup;
			children = (
				F8DB80F527B3F0C1007A122B /* TestingNetworkResponses */,
				F8DB810C27B3F0C2007A122B /* TestingNetworkResponsesTests */,
				F8DB80F427B3F0C1007A122B /* Products */,
			);
			sourceTree = "<group>";
		};
		F8DB80F427B3F0C1007A122B /* Products */ = {
			isa = PBXGroup;
			children = (
				F8DB80F327B3F0C1007A122B /* TestingNetworkResponses.app */,
				F8DB810927B3F0C2007A122B /* TestingNetworkResponsesTests.xctest */,
			);
			name = Products;
			sourceTree = "<group>";
		};
		F8DB80F527B3F0C1007A122B /* TestingNetworkResponses */ = {
			isa = PBXGroup;
			children = (
				F8DB80F627B3F0C1007A122B /* AppDelegate.swift */,
				F8DB80F827B3F0C1007A122B /* SceneDelegate.swift */,
				F8DB80FA27B3F0C1007A122B /* ViewController.swift */,
				F8DB80FC27B3F0C1007A122B /* Main.storyboard */,
				F8DB80FF27B3F0C2007A122B /* Assets.xcassets */,
				F8DB810127B3F0C2007A122B /* LaunchScreen.storyboard */,
				F8DB810427B3F0C2007A122B /* Info.plist */,
			);
			path = TestingNetworkResponses;
			sourceTree = "<group>";
		};
		F8DB810C27B3F0C2007A122B /* TestingNetworkResponsesTests */ = {
			isa = PBXGroup;
			children = (
			);
			path = TestingNetworkResponsesTests;
			sourceTree = "<group>";
		};
/* End PBXGroup section */

/* Begin PBXNativeTarget section */
		F8DB80F227B3F0C1007A122B /* TestingNetworkResponses */ = {
			isa = PBXNativeTarget;
			buildConfigurationList = F8DB811D27B3F0C2007A122B /* Build configuration list for PBXNativeTarget "TestingNetworkResponses" */;
			buildPhases = (
				F8DB80EF27B3F0C1007A122B /* Sources */,
				F8DB80F027B3F0C1007A122B /* Frameworks */,
				F8DB80F127B3F0C1007A122B /* Resources */,
			);
			buildRules = (
			);
			dependencies = (
			);
			name = TestingNetworkResponses;
			productName = TestingNetworkResponses;
			productReference = F8DB80F327B3F0C1007A122B /* TestingNetworkResponses.app */;
			productType = "com.apple.product-type.application";
		};
		F8DB810827B3F0C2007A122B /* TestingNetworkResponsesTests */ = {
			isa = PBXNativeTarget;
			buildConfigurationList = F8DB812027B3F0C2007A122B /* Build configuration list for PBXNativeTarget "TestingNetworkResponsesTests" */;
			buildPhases = (
				F8DB810527B3F0C2007A122B /* Sources */,
				F8DB810627B3F0C2007A122B /* Frameworks */,
				F8DB810727B3F0C2007A122B /* Resources */,
			);
			buildRules = (
			);
			dependencies = (
				F8DB810B27B3F0C2007A122B /* PBXTargetDependency */,
			);
			name = TestingNetworkResponsesTests;
			productName = TestingNetworkResponsesTests;
			productReference = F8DB810927B3F0C2007A122B /* TestingNetworkResponsesTests.xctest */;
			productType = "com.apple.product-type.bundle.unit-test";
		};
/* End PBXNativeTarget section */

/* Begin PBXProject section */
		F8DB80EB27B3F0C1007A122B /* Project object */ = {
			isa = PBXProject;
			attributes = {
				BuildIndependentTargetsInParallel = 1;
				LastSwiftUpdateCheck = 1320;
				LastUpgradeCheck = 1320;
				TargetAttributes = {
					F8DB80F227B3F0C1007A122B = {
						CreatedOnToolsVersion = 13.2.1;
					};
					F8DB810827B3F0C2007A122B = {
						CreatedOnToolsVersion = 13.2.1;
						TestTargetID = F8DB80F227B3F0C1007A122B;
					};
				};
			};
			buildConfigurationList = F8DB80EE27B3F0C1007A122B /* Build configuration list for PBXProject "TestingNetworkResponses" */;
			compatibilityVersion = "Xcode 13.0";
			developmentRegion = en;
			hasScannedForEncodings = 0;
			knownRegions = (
				en,
				Base,
			);
			mainGroup = F8DB80EA27B3F0C1007A122B;
			productRefGroup = F8DB80F427B3F0C1007A122B /* Products */;
			projectDirPath = "";
			projectRoot = "";
			targets = (
				F8DB80F227B3F0C1007A122B /* TestingNetworkResponses */,
				F8DB810827B3F0C2007A122B /* TestingNetworkResponsesTests */,
			);
		};
/* End PBXProject section */

/* Begin PBXResourcesBuildPhase section */
		F8DB80F127B3F0C1007A122B /* Resources */ = {
			isa = PBXResourcesBuildPhase;
			buildActionMask = 2147483647;
			files = (
				F8DB810327B3F0C2007A122B /* LaunchScreen.storyboard in Resources */,
				F8DB810027B3F0C2007A122B /* Assets.xcassets in Resources */,
				F8DB80FE27B3F0C1007A122B /* Main.storyboard in Resources */,
			);
			runOnlyForDeploymentPostprocessing = 0;
		};
		F8DB810727B3F0C2007A122B /* Resources */ = {
			isa = PBXResourcesBuildPhase;
			buildActionMask = 2147483647;
			files = (
			);
			runOnlyForDeploymentPostprocessing = 0;
		};
/* End PBXResourcesBuildPhase section */

/* Begin PBXSourcesBuildPhase section */
		F8DB80EF27B3F0C1007A122B /* Sources */ = {
			isa = PBXSourcesBuildPhase;
			buildActionMask = 2147483647;
			files = (
				F8DB80FB27B3F0C1007A122B /* ViewController.swift in Sources */,
				F8DB80F727B3F0C1007A122B /* AppDelegate.swift in Sources */,
				F8DB80F927B3F0C1007A122B /* SceneDelegate.swift in Sources */,
			);
			runOnlyForDeploymentPostprocessing = 0;
		};
		F8DB810527B3F0C2007A122B /* Sources */ = {
			isa = PBXSourcesBuildPhase;
			buildActionMask = 2147483647;
			files = (
			);
			runOnlyForDeploymentPostprocessing = 0;
		};
/* End PBXSourcesBuildPhase section */

/* Begin PBXTargetDependency section */
		F8DB810B27B3F0C2007A122B /* PBXTargetDependency */ = {
			isa = PBXTargetDependency;
			target = F8DB80F227B3F0C1007A122B /* TestingNetworkResponses */;
			targetProxy = F8DB810A27B3F0C2007A122B /* PBXContainerItemProxy */;
		};
/* End PBXTargetDependency section */

/* Begin PBXVariantGroup section */
		F8DB80FC27B3F0C1007A122B /* Main.storyboard */ = {
			isa = PBXVariantGroup;
			children = (
				F8DB80FD27B3F0C1007A122B /* Base */,
			);
			name = Main.storyboard;
			sourceTree = "<group>";
		};
		F8DB810127B3F0C2007A122B /* LaunchScreen.storyboard */ = {
			isa = PBXVariantGroup;
			children = (
				F8DB810227B3F0C2007A122B /* Base */,
			);
			name = LaunchScreen.storyboard;
			sourceTree = "<group>";
		};
/* End PBXVariantGroup section */

/* Begin XCBuildConfiguration section */
		F8DB811B27B3F0C2007A122B /* Debug */ = {
			isa = XCBuildConfiguration;
			buildSettings = {
				ALWAYS_SEARCH_USER_PATHS = NO;
				CLANG_ANALYZER_NONNULL = YES;
				CLANG_ANALYZER_NUMBER_OBJECT_CONVERSION = YES_AGGRESSIVE;
				CLANG_CXX_LANGUAGE_STANDARD = "gnu++17";
				CLANG_CXX_LIBRARY = "libc++";
				CLANG_ENABLE_MODULES = YES;
				CLANG_ENABLE_OBJC_ARC = YES;
				CLANG_ENABLE_OBJC_WEAK = YES;
				CLANG_WARN_BLOCK_CAPTURE_AUTORELEASING = YES;
				CLANG_WARN_BOOL_CONVERSION = YES;
				CLANG_WARN_COMMA = YES;
				CLANG_WARN_CONSTANT_CONVERSION = YES;
				CLANG_WARN_DEPRECATED_OBJC_IMPLEMENTATIONS = YES;
				CLANG_WARN_DIRECT_OBJC_ISA_USAGE = YES_ERROR;
				CLANG_WARN_DOCUMENTATION_COMMENTS = YES;
				CLANG_WARN_EMPTY_BODY = YES;
				CLANG_WARN_ENUM_CONVERSION = YES;
				CLANG_WARN_INFINITE_RECURSION = YES;
				CLANG_WARN_INT_CONVERSION = YES;
				CLANG_WARN_NON_LITERAL_NULL_CONVERSION = YES;
				CLANG_WARN_OBJC_IMPLICIT_RETAIN_SELF = YES;
				CLANG_WARN_OBJC_LITERAL_CONVERSION = YES;
				CLANG_WARN_OBJC_ROOT_CLASS = YES_ERROR;
				CLANG_WARN_QUOTED_INCLUDE_IN_FRAMEWORK_HEADER = YES;
				CLANG_WARN_RANGE_LOOP_ANALYSIS = YES;
				CLANG_WARN_STRICT_PROTOTYPES = YES;
				CLANG_WARN_SUSPICIOUS_MOVE = YES;
				CLANG_WARN_UNGUARDED_AVAILABILITY = YES_AGGRESSIVE;
				CLANG_WARN_UNREACHABLE_CODE = YES;
				CLANG_WARN__DUPLICATE_METHOD_MATCH = YES;
				COPY_PHASE_STRIP = NO;
				DEBUG_INFORMATION_FORMAT = dwarf;
				ENABLE_STRICT_OBJC_MSGSEND = YES;
				ENABLE_TESTABILITY = YES;
				GCC_C_LANGUAGE_STANDARD = gnu11;
				GCC_DYNAMIC_NO_PIC = NO;
				GCC_NO_COMMON_BLOCKS = YES;
				GCC_OPTIMIZATION_LEVEL = 0;
				GCC_PREPROCESSOR_DEFINITIONS = (
					"DEBUG=1",
					"$(inherited)",
				);
				GCC_WARN_64_TO_32_BIT_CONVERSION = YES;
				GCC_WARN_ABOUT_RETURN_TYPE = YES_ERROR;
				GCC_WARN_UNDECLARED_SELECTOR = YES;
				GCC_WARN_UNINITIALIZED_AUTOS = YES_AGGRESSIVE;
				GCC_WARN_UNUSED_FUNCTION = YES;
				GCC_WARN_UNUSED_VARIABLE = YES;
				IPHONEOS_DEPLOYMENT_TARGET = 15.2;
				MTL_ENABLE_DEBUG_INFO = INCLUDE_SOURCE;
				MTL_FAST_MATH = YES;
				ONLY_ACTIVE_ARCH = YES;
				SDKROOT = iphoneos;
				SWIFT_ACTIVE_COMPILATION_CONDITIONS = DEBUG;
				SWIFT_OPTIMIZATION_LEVEL = "-Onone";
			};
			name = Debug;
		};
		F8DB811C27B3F0C2007A122B /* Release */ = {
			isa = XCBuildConfiguration;
			buildSettings = {
				ALWAYS_SEARCH_USER_PATHS = NO;
				CLANG_ANALYZER_NONNULL = YES;
				CLANG_ANALYZER_NUMBER_OBJECT_CONVERSION = YES_AGGRESSIVE;
				CLANG_CXX_LANGUAGE_STANDARD = "gnu++17";
				CLANG_CXX_LIBRARY = "libc++";
				CLANG_ENABLE_MODULES = YES;
				CLANG_ENABLE_OBJC_ARC = YES;
				CLANG_ENABLE_OBJC_WEAK = YES;
				CLANG_WARN_BLOCK_CAPTURE_AUTORELEASING = YES;
				CLANG_WARN_BOOL_CONVERSION = YES;
				CLANG_WARN_COMMA = YES;
				CLANG_WARN_CONSTANT_CONVERSION = YES;
				CLANG_WARN_DEPRECATED_OBJC_IMPLEMENTATIONS = YES;
				CLANG_WARN_DIRECT_OBJC_ISA_USAGE = YES_ERROR;
				CLANG_WARN_DOCUMENTATION_COMMENTS = YES;
				CLANG_WARN_EMPTY_BODY = YES;
				CLANG_WARN_ENUM_CONVERSION = YES;
				CLANG_WARN_INFINITE_RECURSION = YES;
				CLANG_WARN_INT_CONVERSION = YES;
				CLANG_WARN_NON_LITERAL_NULL_CONVERSION = YES;
				CLANG_WARN_OBJC_IMPLICIT_RETAIN_SELF = YES;
				CLANG_WARN_OBJC_LITERAL_CONVERSION = YES;
				CLANG_WARN_OBJC_ROOT_CLASS = YES_ERROR;
				CLANG_WARN_QUOTED_INCLUDE_IN_FRAMEWORK_HEADER = YES;
				CLANG_WARN_RANGE_LOOP_ANALYSIS = YES;
				CLANG_WARN_STRICT_PROTOTYPES = YES;
				CLANG_WARN_SUSPICIOUS_MOVE = YES;
				CLANG_WARN_UNGUARDED_AVAILABILITY = YES_AGGRESSIVE;
				CLANG_WARN_UNREACHABLE_CODE = YES;
				CLANG_WARN__DUPLICATE_METHOD_MATCH = YES;
				COPY_PHASE_STRIP = NO;
				DEBUG_INFORMATION_FORMAT = "dwarf-with-dsym";
				ENABLE_NS_ASSERTIONS = NO;
				ENABLE_STRICT_OBJC_MSGSEND = YES;
				GCC_C_LANGUAGE_STANDARD = gnu11;
				GCC_NO_COMMON_BLOCKS = YES;
				GCC_WARN_64_TO_32_BIT_CONVERSION = YES;
				GCC_WARN_ABOUT_RETURN_TYPE = YES_ERROR;
				GCC_WARN_UNDECLARED_SELECTOR = YES;
				GCC_WARN_UNINITIALIZED_AUTOS = YES_AGGRESSIVE;
				GCC_WARN_UNUSED_FUNCTION = YES;
				GCC_WARN_UNUSED_VARIABLE = YES;
				IPHONEOS_DEPLOYMENT_TARGET = 15.2;
				MTL_ENABLE_DEBUG_INFO = NO;
				MTL_FAST_MATH = YES;
				SDKROOT = iphoneos;
				SWIFT_COMPILATION_MODE = wholemodule;
				SWIFT_OPTIMIZATION_LEVEL = "-O";
				VALIDATE_PRODUCT = YES;
			};
			name = Release;
		};
		F8DB811E27B3F0C2007A122B /* Debug */ = {
			isa = XCBuildConfiguration;
			buildSettings = {
				ASSETCATALOG_COMPILER_APPICON_NAME = AppIcon;
				ASSETCATALOG_COMPILER_GLOBAL_ACCENT_COLOR_NAME = AccentColor;
				CODE_SIGN_STYLE = Automatic;
				CURRENT_PROJECT_VERSION = 1;
				GENERATE_INFOPLIST_FILE = YES;
				INFOPLIST_FILE = TestingNetworkResponses/Info.plist;
				INFOPLIST_KEY_UIApplicationSupportsIndirectInputEvents = YES;
				INFOPLIST_KEY_UILaunchStoryboardName = LaunchScreen;
				INFOPLIST_KEY_UIMainStoryboardFile = Main;
				INFOPLIST_KEY_UISupportedInterfaceOrientations_iPad = "UIInterfaceOrientationPortrait UIInterfaceOrientationPortraitUpsideDown UIInterfaceOrientationLandscapeLeft UIInterfaceOrientationLandscapeRight";
				INFOPLIST_KEY_UISupportedInterfaceOrientations_iPhone = "UIInterfaceOrientationPortrait UIInterfaceOrientationLandscapeLeft UIInterfaceOrientationLandscapeRight";
				LD_RUNPATH_SEARCH_PATHS = (
					"$(inherited)",
					"@executable_path/Frameworks",
				);
				MARKETING_VERSION = 1.0;
				PRODUCT_BUNDLE_IDENTIFIER = com.manbehindnickname.TestingNetworkResponses;
				PRODUCT_NAME = "$(TARGET_NAME)";
				SWIFT_EMIT_LOC_STRINGS = YES;
				SWIFT_VERSION = 5.0;
				TARGETED_DEVICE_FAMILY = "1,2";
			};
			name = Debug;
		};
		F8DB811F27B3F0C2007A122B /* Release */ = {
			isa = XCBuildConfiguration;
			buildSettings = {
				ASSETCATALOG_COMPILER_APPICON_NAME = AppIcon;
				ASSETCATALOG_COMPILER_GLOBAL_ACCENT_COLOR_NAME = AccentColor;
				CODE_SIGN_STYLE = Automatic;
				CURRENT_PROJECT_VERSION = 1;
				GENERATE_INFOPLIST_FILE = YES;
				INFOPLIST_FILE = TestingNetworkResponses/Info.plist;
				INFOPLIST_KEY_UIApplicationSupportsIndirectInputEvents = YES;
				INFOPLIST_KEY_UILaunchStoryboardName = LaunchScreen;
				INFOPLIST_KEY_UIMainStoryboardFile = Main;
				INFOPLIST_KEY_UISupportedInterfaceOrientations_iPad = "UIInterfaceOrientationPortrait UIInterfaceOrientationPortraitUpsideDown UIInterfaceOrientationLandscapeLeft UIInterfaceOrientationLandscapeRight";
				INFOPLIST_KEY_UISupportedInterfaceOrientations_iPhone = "UIInterfaceOrientationPortrait UIInterfaceOrientationLandscapeLeft UIInterfaceOrientationLandscapeRight";
				LD_RUNPATH_SEARCH_PATHS = (
					"$(inherited)",
					"@executable_path/Frameworks",
				);
				MARKETING_VERSION = 1.0;
				PRODUCT_BUNDLE_IDENTIFIER = com.manbehindnickname.TestingNetworkResponses;
				PRODUCT_NAME = "$(TARGET_NAME)";
				SWIFT_EMIT_LOC_STRINGS = YES;
				SWIFT_VERSION = 5.0;
				TARGETED_DEVICE_FAMILY = "1,2";
			};
			name = Release;
		};
		F8DB812127B3F0C2007A122B /* Debug */ = {
			isa = XCBuildConfiguration;
			buildSettings = {
				ALWAYS_EMBED_SWIFT_STANDARD_LIBRARIES = YES;
				BUNDLE_LOADER = "$(TEST_HOST)";
				CODE_SIGN_STYLE = Automatic;
				CURRENT_PROJECT_VERSION = 1;
				GENERATE_INFOPLIST_FILE = YES;
				IPHONEOS_DEPLOYMENT_TARGET = 15.2;
				MARKETING_VERSION = 1.0;
				PRODUCT_BUNDLE_IDENTIFIER = com.manbehindnickname.TestingNetworkResponsesTests;
				PRODUCT_NAME = "$(TARGET_NAME)";
				SWIFT_EMIT_LOC_STRINGS = NO;
				SWIFT_VERSION = 5.0;
				TARGETED_DEVICE_FAMILY = "1,2";
				TEST_HOST = "$(BUILT_PRODUCTS_DIR)/TestingNetworkResponses.app/TestingNetworkResponses";
			};
			name = Debug;
		};
		F8DB812227B3F0C2007A122B /* Release */ = {
			isa = XCBuildConfiguration;
			buildSettings = {
				ALWAYS_EMBED_SWIFT_STANDARD_LIBRARIES = YES;
				BUNDLE_LOADER = "$(TEST_HOST)";
				CODE_SIGN_STYLE = Automatic;
				CURRENT_PROJECT_VERSION = 1;
				GENERATE_INFOPLIST_FILE = YES;
				IPHONEOS_DEPLOYMENT_TARGET = 15.2;
				MARKETING_VERSION = 1.0;
				PRODUCT_BUNDLE_IDENTIFIER = com.manbehindnickname.TestingNetworkResponsesTests;
				PRODUCT_NAME = "$(TARGET_NAME)";
				SWIFT_EMIT_LOC_STRINGS = NO;
				SWIFT_VERSION = 5.0;
				TARGETED_DEVICE_FAMILY = "1,2";
				TEST_HOST = "$(BUILT_PRODUCTS_DIR)/TestingNetworkResponses.app/TestingNetworkResponses";
			};
			name = Release;
		};
/* End XCBuildConfiguration section */

/* Begin XCConfigurationList section */
		F8DB80EE27B3F0C1007A122B /* Build configuration list for PBXProject "TestingNetworkResponses" */ = {
			isa = XCConfigurationList;
			buildConfigurations = (
				F8DB811B27B3F0C2007A122B /* Debug */,
				F8DB811C27B3F0C2007A122B /* Release */,
			);
			defaultConfigurationIsVisible = 0;
			defaultConfigurationName = Release;
		};
		F8DB811D27B3F0C2007A122B /* Build configuration list for PBXNativeTarget "TestingNetworkResponses" */ = {
			isa = XCConfigurationList;
			buildConfigurations = (
				F8DB811E27B3F0C2007A122B /* Debug */,
				F8DB811F27B3F0C2007A122B /* Release */,
			);
			defaultConfigurationIsVisible = 0;
			defaultConfigurationName = Release;
		};
		F8DB812027B3F0C2007A122B /* Build configuration list for PBXNativeTarget "TestingNetworkResponsesTests" */ = {
			isa = XCConfigurationList;
			buildConfigurations = (
				F8DB812127B3F0C2007A122B /* Debug */,
				F8DB812227B3F0C2007A122B /* Release */,
			);
			defaultConfigurationIsVisible = 0;
			defaultConfigurationName = Release;
		};
/* End XCConfigurationList section */
	};
	rootObject = F8DB80EB27B3F0C1007A122B /* Project object */;
}
