// !$*UTF8*$!
{
	archiveVersion = 1;
	classes = {
	};
	objectVersion = 55;
	objects = {

/* Begin PBXBuildFile section */
		F87ABE9827B2A4020087B1C0 /* AppDelegate.swift in Sources */ = {isa = PBXBuildFile; fileRef = F87ABE9727B2A4020087B1C0 /* AppDelegate.swift */; };
		F87ABE9A27B2A4020087B1C0 /* SceneDelegate.swift in Sources */ = {isa = PBXBuildFile; fileRef = F87ABE9927B2A4020087B1C0 /* SceneDelegate.swift */; };
		F87ABE9C27B2A4020087B1C0 /* ViewController.swift in Sources */ = {isa = PBXBuildFile; fileRef = F87ABE9B27B2A4020087B1C0 /* ViewController.swift */; };
		F87ABE9F27B2A4020087B1C0 /* Main.storyboard in Resources */ = {isa = PBXBuildFile; fileRef = F87ABE9D27B2A4020087B1C0 /* Main.storyboard */; };
		F87ABEA127B2A4030087B1C0 /* Assets.xcassets in Resources */ = {isa = PBXBuildFile; fileRef = F87ABEA027B2A4030087B1C0 /* Assets.xcassets */; };
		F87ABEA427B2A4030087B1C0 /* LaunchScreen.storyboard in Resources */ = {isa = PBXBuildFile; fileRef = F87ABEA227B2A4030087B1C0 /* LaunchScreen.storyboard */; };
		F87ABED527B2AA8C0087B1C0 /* Database.swift in Sources */ = {isa = PBXBuildFile; fileRef = F87ABED427B2AA8C0087B1C0 /* Database.swift */; };
		F87ABED727B2AC290087B1C0 /* FakeDatabase.swift in Sources */ = {isa = PBXBuildFile; fileRef = F87ABED627B2AC290087B1C0 /* FakeDatabase.swift */; };
		F87ABED927B2D04A0087B1C0 /* ViewControllerTests.swift in Sources */ = {isa = PBXBuildFile; fileRef = F87ABED827B2D04A0087B1C0 /* ViewControllerTests.swift */; };
/* End PBXBuildFile section */

/* Begin PBXContainerItemProxy section */
		F87ABECF27B2A43E0087B1C0 /* PBXContainerItemProxy */ = {
			isa = PBXContainerItemProxy;
			containerPortal = F87ABE8C27B2A4020087B1C0 /* Project object */;
			proxyType = 1;
			remoteGlobalIDString = F87ABE9327B2A4020087B1C0;
			remoteInfo = TestingUserDefaults;
		};
/* End PBXContainerItemProxy section */

/* Begin PBXFileReference section */
		F87ABE9427B2A4020087B1C0 /* TestingUserDefaults.app */ = {isa = PBXFileReference; explicitFileType = wrapper.application; includeInIndex = 0; path = TestingUserDefaults.app; sourceTree = BUILT_PRODUCTS_DIR; };
		F87ABE9727B2A4020087B1C0 /* AppDelegate.swift */ = {isa = PBXFileReference; lastKnownFileType = sourcecode.swift; path = AppDelegate.swift; sourceTree = "<group>"; };
		F87ABE9927B2A4020087B1C0 /* SceneDelegate.swift */ = {isa = PBXFileReference; lastKnownFileType = sourcecode.swift; path = SceneDelegate.swift; sourceTree = "<group>"; };
		F87ABE9B27B2A4020087B1C0 /* ViewController.swift */ = {isa = PBXFileReference; lastKnownFileType = sourcecode.swift; path = ViewController.swift; sourceTree = "<group>"; };
		F87ABE9E27B2A4020087B1C0 /* Base */ = {isa = PBXFileReference; lastKnownFileType = file.storyboard; name = Base; path = Base.lproj/Main.storyboard; sourceTree = "<group>"; };
		F87ABEA027B2A4030087B1C0 /* Assets.xcassets */ = {isa = PBXFileReference; lastKnownFileType = folder.assetcatalog; path = Assets.xcassets; sourceTree = "<group>"; };
		F87ABEA327B2A4030087B1C0 /* Base */ = {isa = PBXFileReference; lastKnownFileType = file.storyboard; name = Base; path = Base.lproj/LaunchScreen.storyboard; sourceTree = "<group>"; };
		F87ABEA527B2A4030087B1C0 /* Info.plist */ = {isa = PBXFileReference; lastKnownFileType = text.plist.xml; path = Info.plist; sourceTree = "<group>"; };
		F87ABECB27B2A43E0087B1C0 /* TestingUserDefaultsTests.xctest */ = {isa = PBXFileReference; explicitFileType = wrapper.cfbundle; includeInIndex = 0; path = TestingUserDefaultsTests.xctest; sourceTree = BUILT_PRODUCTS_DIR; };
		F87ABED427B2AA8C0087B1C0 /* Database.swift */ = {isa = PBXFileReference; lastKnownFileType = sourcecode.swift; path = Database.swift; sourceTree = "<group>"; };
		F87ABED627B2AC290087B1C0 /* FakeDatabase.swift */ = {isa = PBXFileReference; lastKnownFileType = sourcecode.swift; path = FakeDatabase.swift; sourceTree = "<group>"; };
		F87ABED827B2D04A0087B1C0 /* ViewControllerTests.swift */ = {isa = PBXFileReference; lastKnownFileType = sourcecode.swift; path = ViewControllerTests.swift; sourceTree = "<group>"; };
/* End PBXFileReference section */

/* Begin PBXFrameworksBuildPhase section */
		F87ABE9127B2A4020087B1C0 /* Frameworks */ = {
			isa = PBXFrameworksBuildPhase;
			buildActionMask = 2147483647;
			files = (
			);
			runOnlyForDeploymentPostprocessing = 0;
		};
		F87ABEC827B2A43E0087B1C0 /* Frameworks */ = {
			isa = PBXFrameworksBuildPhase;
			buildActionMask = 2147483647;
			files = (
			);
			runOnlyForDeploymentPostprocessing = 0;
		};
/* End PBXFrameworksBuildPhase section */

/* Begin PBXGroup section */
		F87ABE8B27B2A4020087B1C0 = {
			isa = PBXGroup;
			children = (
				F87ABE9627B2A4020087B1C0 /* TestingUserDefaults */,
				F87ABECC27B2A43E0087B1C0 /* TestingUserDefaultsTests */,
				F87ABE9527B2A4020087B1C0 /* Products */,
			);
			sourceTree = "<group>";
		};
		F87ABE9527B2A4020087B1C0 /* Products */ = {
			isa = PBXGroup;
			children = (
				F87ABE9427B2A4020087B1C0 /* TestingUserDefaults.app */,
				F87ABECB27B2A43E0087B1C0 /* TestingUserDefaultsTests.xctest */,
			);
			name = Products;
			sourceTree = "<group>";
		};
		F87ABE9627B2A4020087B1C0 /* TestingUserDefaults */ = {
			isa = PBXGroup;
			children = (
				F87ABE9727B2A4020087B1C0 /* AppDelegate.swift */,
				F87ABE9927B2A4020087B1C0 /* SceneDelegate.swift */,
				F87ABE9B27B2A4020087B1C0 /* ViewController.swift */,
				F87ABED427B2AA8C0087B1C0 /* Database.swift */,
				F87ABE9D27B2A4020087B1C0 /* Main.storyboard */,
				F87ABEA027B2A4030087B1C0 /* Assets.xcassets */,
				F87ABEA227B2A4030087B1C0 /* LaunchScreen.storyboard */,
				F87ABEA527B2A4030087B1C0 /* Info.plist */,
			);
			path = TestingUserDefaults;
			sourceTree = "<group>";
		};
		F87ABECC27B2A43E0087B1C0 /* TestingUserDefaultsTests */ = {
			isa = PBXGroup;
			children = (
				F87ABED627B2AC290087B1C0 /* FakeDatabase.swift */,
				F87ABED827B2D04A0087B1C0 /* ViewControllerTests.swift */,
			);
			path = TestingUserDefaultsTests;
			sourceTree = "<group>";
		};
/* End PBXGroup section */

/* Begin PBXNativeTarget section */
		F87ABE9327B2A4020087B1C0 /* TestingUserDefaults */ = {
			isa = PBXNativeTarget;
			buildConfigurationList = F87ABEBE27B2A4030087B1C0 /* Build configuration list for PBXNativeTarget "TestingUserDefaults" */;
			buildPhases = (
				F87ABE9027B2A4020087B1C0 /* Sources */,
				F87ABE9127B2A4020087B1C0 /* Frameworks */,
				F87ABE9227B2A4020087B1C0 /* Resources */,
			);
			buildRules = (
			);
			dependencies = (
			);
			name = TestingUserDefaults;
			productName = TestingUserDefaults;
			productReference = F87ABE9427B2A4020087B1C0 /* TestingUserDefaults.app */;
			productType = "com.apple.product-type.application";
		};
		F87ABECA27B2A43E0087B1C0 /* TestingUserDefaultsTests */ = {
			isa = PBXNativeTarget;
			buildConfigurationList = F87ABED127B2A43E0087B1C0 /* Build configuration list for PBXNativeTarget "TestingUserDefaultsTests" */;
			buildPhases = (
				F87ABEC727B2A43E0087B1C0 /* Sources */,
				F87ABEC827B2A43E0087B1C0 /* Frameworks */,
				F87ABEC927B2A43E0087B1C0 /* Resources */,
			);
			buildRules = (
			);
			dependencies = (
				F87ABED027B2A43E0087B1C0 /* PBXTargetDependency */,
			);
			name = TestingUserDefaultsTests;
			productName = TestingUserDefaultsTests;
			productReference = F87ABECB27B2A43E0087B1C0 /* TestingUserDefaultsTests.xctest */;
			productType = "com.apple.product-type.bundle.unit-test";
		};
/* End PBXNativeTarget section */

/* Begin PBXProject section */
		F87ABE8C27B2A4020087B1C0 /* Project object */ = {
			isa = PBXProject;
			attributes = {
				BuildIndependentTargetsInParallel = 1;
				LastSwiftUpdateCheck = 1320;
				LastUpgradeCheck = 1320;
				TargetAttributes = {
					F87ABE9327B2A4020087B1C0 = {
						CreatedOnToolsVersion = 13.2.1;
					};
					F87ABECA27B2A43E0087B1C0 = {
						CreatedOnToolsVersion = 13.2.1;
						LastSwiftMigration = 1320;
						TestTargetID = F87ABE9327B2A4020087B1C0;
					};
				};
			};
			buildConfigurationList = F87ABE8F27B2A4020087B1C0 /* Build configuration list for PBXProject "TestingUserDefaults" */;
			compatibilityVersion = "Xcode 13.0";
			developmentRegion = en;
			hasScannedForEncodings = 0;
			knownRegions = (
				en,
				Base,
			);
			mainGroup = F87ABE8B27B2A4020087B1C0;
			productRefGroup = F87ABE9527B2A4020087B1C0 /* Products */;
			projectDirPath = "";
			projectRoot = "";
			targets = (
				F87ABE9327B2A4020087B1C0 /* TestingUserDefaults */,
				F87ABECA27B2A43E0087B1C0 /* TestingUserDefaultsTests */,
			);
		};
/* End PBXProject section */

/* Begin PBXResourcesBuildPhase section */
		F87ABE9227B2A4020087B1C0 /* Resources */ = {
			isa = PBXResourcesBuildPhase;
			buildActionMask = 2147483647;
			files = (
				F87ABEA427B2A4030087B1C0 /* LaunchScreen.storyboard in Resources */,
				F87ABEA127B2A4030087B1C0 /* Assets.xcassets in Resources */,
				F87ABE9F27B2A4020087B1C0 /* Main.storyboard in Resources */,
			);
			runOnlyForDeploymentPostprocessing = 0;
		};
		F87ABEC927B2A43E0087B1C0 /* Resources */ = {
			isa = PBXResourcesBuildPhase;
			buildActionMask = 2147483647;
			files = (
			);
			runOnlyForDeploymentPostprocessing = 0;
		};
/* End PBXResourcesBuildPhase section */

/* Begin PBXSourcesBuildPhase section */
		F87ABE9027B2A4020087B1C0 /* Sources */ = {
			isa = PBXSourcesBuildPhase;
			buildActionMask = 2147483647;
			files = (
				F87ABE9C27B2A4020087B1C0 /* ViewController.swift in Sources */,
				F87ABE9827B2A4020087B1C0 /* AppDelegate.swift in Sources */,
				F87ABED527B2AA8C0087B1C0 /* Database.swift in Sources */,
				F87ABE9A27B2A4020087B1C0 /* SceneDelegate.swift in Sources */,
			);
			runOnlyForDeploymentPostprocessing = 0;
		};
		F87ABEC727B2A43E0087B1C0 /* Sources */ = {
			isa = PBXSourcesBuildPhase;
			buildActionMask = 2147483647;
			files = (
				F87ABED927B2D04A0087B1C0 /* ViewControllerTests.swift in Sources */,
				F87ABED727B2AC290087B1C0 /* FakeDatabase.swift in Sources */,
			);
			runOnlyForDeploymentPostprocessing = 0;
		};
/* End PBXSourcesBuildPhase section */

/* Begin PBXTargetDependency section */
		F87ABED027B2A43E0087B1C0 /* PBXTargetDependency */ = {
			isa = PBXTargetDependency;
			target = F87ABE9327B2A4020087B1C0 /* TestingUserDefaults */;
			targetProxy = F87ABECF27B2A43E0087B1C0 /* PBXContainerItemProxy */;
		};
/* End PBXTargetDependency section */

/* Begin PBXVariantGroup section */
		F87ABE9D27B2A4020087B1C0 /* Main.storyboard */ = {
			isa = PBXVariantGroup;
			children = (
				F87ABE9E27B2A4020087B1C0 /* Base */,
			);
			name = Main.storyboard;
			sourceTree = "<group>";
		};
		F87ABEA227B2A4030087B1C0 /* LaunchScreen.storyboard */ = {
			isa = PBXVariantGroup;
			children = (
				F87ABEA327B2A4030087B1C0 /* Base */,
			);
			name = LaunchScreen.storyboard;
			sourceTree = "<group>";
		};
/* End PBXVariantGroup section */

/* Begin XCBuildConfiguration section */
		F87ABEBC27B2A4030087B1C0 /* Debug */ = {
			isa = XCBuildConfiguration;
			buildSettings = {
				ALWAYS_SEARCH_USER_PATHS = NO;
				CLANG_ANALYZER_NONNULL = YES;
				CLANG_ANALYZER_NUMBER_OBJECT_CONVERSION = YES_AGGRESSIVE;
				CLANG_CXX_LANGUAGE_STANDARD = "gnu++17";
				CLANG_CXX_LIBRARY = "libc++";
				CLANG_ENABLE_MODULES = YES;
				CLANG_ENABLE_OBJC_ARC = YES;
				CLANG_ENABLE_OBJC_WEAK = YES;
				CLANG_WARN_BLOCK_CAPTURE_AUTORELEASING = YES;
				CLANG_WARN_BOOL_CONVERSION = YES;
				CLANG_WARN_COMMA = YES;
				CLANG_WARN_CONSTANT_CONVERSION = YES;
				CLANG_WARN_DEPRECATED_OBJC_IMPLEMENTATIONS = YES;
				CLANG_WARN_DIRECT_OBJC_ISA_USAGE = YES_ERROR;
				CLANG_WARN_DOCUMENTATION_COMMENTS = YES;
				CLANG_WARN_EMPTY_BODY = YES;
				CLANG_WARN_ENUM_CONVERSION = YES;
				CLANG_WARN_INFINITE_RECURSION = YES;
				CLANG_WARN_INT_CONVERSION = YES;
				CLANG_WARN_NON_LITERAL_NULL_CONVERSION = YES;
				CLANG_WARN_OBJC_IMPLICIT_RETAIN_SELF = YES;
				CLANG_WARN_OBJC_LITERAL_CONVERSION = YES;
				CLANG_WARN_OBJC_ROOT_CLASS = YES_ERROR;
				CLANG_WARN_QUOTED_INCLUDE_IN_FRAMEWORK_HEADER = YES;
				CLANG_WARN_RANGE_LOOP_ANALYSIS = YES;
				CLANG_WARN_STRICT_PROTOTYPES = YES;
				CLANG_WARN_SUSPICIOUS_MOVE = YES;
				CLANG_WARN_UNGUARDED_AVAILABILITY = YES_AGGRESSIVE;
				CLANG_WARN_UNREACHABLE_CODE = YES;
				CLANG_WARN__DUPLICATE_METHOD_MATCH = YES;
				COPY_PHASE_STRIP = NO;
				DEBUG_INFORMATION_FORMAT = dwarf;
				ENABLE_STRICT_OBJC_MSGSEND = YES;
				ENABLE_TESTABILITY = YES;
				GCC_C_LANGUAGE_STANDARD = gnu11;
				GCC_DYNAMIC_NO_PIC = NO;
				GCC_NO_COMMON_BLOCKS = YES;
				GCC_OPTIMIZATION_LEVEL = 0;
				GCC_PREPROCESSOR_DEFINITIONS = (
					"DEBUG=1",
					"$(inherited)",
				);
				GCC_WARN_64_TO_32_BIT_CONVERSION = YES;
				GCC_WARN_ABOUT_RETURN_TYPE = YES_ERROR;
				GCC_WARN_UNDECLARED_SELECTOR = YES;
				GCC_WARN_UNINITIALIZED_AUTOS = YES_AGGRESSIVE;
				GCC_WARN_UNUSED_FUNCTION = YES;
				GCC_WARN_UNUSED_VARIABLE = YES;
				IPHONEOS_DEPLOYMENT_TARGET = 15.2;
				MTL_ENABLE_DEBUG_INFO = INCLUDE_SOURCE;
				MTL_FAST_MATH = YES;
				ONLY_ACTIVE_ARCH = YES;
				SDKROOT = iphoneos;
				SWIFT_ACTIVE_COMPILATION_CONDITIONS = DEBUG;
				SWIFT_OPTIMIZATION_LEVEL = "-Onone";
			};
			name = Debug;
		};
		F87ABEBD27B2A4030087B1C0 /* Release */ = {
			isa = XCBuildConfiguration;
			buildSettings = {
				ALWAYS_SEARCH_USER_PATHS = NO;
				CLANG_ANALYZER_NONNULL = YES;
				CLANG_ANALYZER_NUMBER_OBJECT_CONVERSION = YES_AGGRESSIVE;
				CLANG_CXX_LANGUAGE_STANDARD = "gnu++17";
				CLANG_CXX_LIBRARY = "libc++";
				CLANG_ENABLE_MODULES = YES;
				CLANG_ENABLE_OBJC_ARC = YES;
				CLANG_ENABLE_OBJC_WEAK = YES;
				CLANG_WARN_BLOCK_CAPTURE_AUTORELEASING = YES;
				CLANG_WARN_BOOL_CONVERSION = YES;
				CLANG_WARN_COMMA = YES;
				CLANG_WARN_CONSTANT_CONVERSION = YES;
				CLANG_WARN_DEPRECATED_OBJC_IMPLEMENTATIONS = YES;
				CLANG_WARN_DIRECT_OBJC_ISA_USAGE = YES_ERROR;
				CLANG_WARN_DOCUMENTATION_COMMENTS = YES;
				CLANG_WARN_EMPTY_BODY = YES;
				CLANG_WARN_ENUM_CONVERSION = YES;
				CLANG_WARN_INFINITE_RECURSION = YES;
				CLANG_WARN_INT_CONVERSION = YES;
				CLANG_WARN_NON_LITERAL_NULL_CONVERSION = YES;
				CLANG_WARN_OBJC_IMPLICIT_RETAIN_SELF = YES;
				CLANG_WARN_OBJC_LITERAL_CONVERSION = YES;
				CLANG_WARN_OBJC_ROOT_CLASS = YES_ERROR;
				CLANG_WARN_QUOTED_INCLUDE_IN_FRAMEWORK_HEADER = YES;
				CLANG_WARN_RANGE_LOOP_ANALYSIS = YES;
				CLANG_WARN_STRICT_PROTOTYPES = YES;
				CLANG_WARN_SUSPICIOUS_MOVE = YES;
				CLANG_WARN_UNGUARDED_AVAILABILITY = YES_AGGRESSIVE;
				CLANG_WARN_UNREACHABLE_CODE = YES;
				CLANG_WARN__DUPLICATE_METHOD_MATCH = YES;
				COPY_PHASE_STRIP = NO;
				DEBUG_INFORMATION_FORMAT = "dwarf-with-dsym";
				ENABLE_NS_ASSERTIONS = NO;
				ENABLE_STRICT_OBJC_MSGSEND = YES;
				GCC_C_LANGUAGE_STANDARD = gnu11;
				GCC_NO_COMMON_BLOCKS = YES;
				GCC_WARN_64_TO_32_BIT_CONVERSION = YES;
				GCC_WARN_ABOUT_RETURN_TYPE = YES_ERROR;
				GCC_WARN_UNDECLARED_SELECTOR = YES;
				GCC_WARN_UNINITIALIZED_AUTOS = YES_AGGRESSIVE;
				GCC_WARN_UNUSED_FUNCTION = YES;
				GCC_WARN_UNUSED_VARIABLE = YES;
				IPHONEOS_DEPLOYMENT_TARGET = 15.2;
				MTL_ENABLE_DEBUG_INFO = NO;
				MTL_FAST_MATH = YES;
				SDKROOT = iphoneos;
				SWIFT_COMPILATION_MODE = wholemodule;
				SWIFT_OPTIMIZATION_LEVEL = "-O";
				VALIDATE_PRODUCT = YES;
			};
			name = Release;
		};
		F87ABEBF27B2A4030087B1C0 /* Debug */ = {
			isa = XCBuildConfiguration;
			buildSettings = {
				ASSETCATALOG_COMPILER_APPICON_NAME = AppIcon;
				ASSETCATALOG_COMPILER_GLOBAL_ACCENT_COLOR_NAME = AccentColor;
				CODE_SIGN_STYLE = Automatic;
				CURRENT_PROJECT_VERSION = 1;
				GENERATE_INFOPLIST_FILE = YES;
				INFOPLIST_FILE = TestingUserDefaults/Info.plist;
				INFOPLIST_KEY_UIApplicationSupportsIndirectInputEvents = YES;
				INFOPLIST_KEY_UILaunchStoryboardName = LaunchScreen;
				INFOPLIST_KEY_UIMainStoryboardFile = Main;
				INFOPLIST_KEY_UISupportedInterfaceOrientations_iPad = "UIInterfaceOrientationPortrait UIInterfaceOrientationPortraitUpsideDown UIInterfaceOrientationLandscapeLeft UIInterfaceOrientationLandscapeRight";
				INFOPLIST_KEY_UISupportedInterfaceOrientations_iPhone = "UIInterfaceOrientationPortrait UIInterfaceOrientationLandscapeLeft UIInterfaceOrientationLandscapeRight";
				LD_RUNPATH_SEARCH_PATHS = (
					"$(inherited)",
					"@executable_path/Frameworks",
				);
				MARKETING_VERSION = 1.0;
				PRODUCT_BUNDLE_IDENTIFIER = com.manbehindnickname.TestingUserDefaults;
				PRODUCT_NAME = "$(TARGET_NAME)";
				SWIFT_EMIT_LOC_STRINGS = YES;
				SWIFT_VERSION = 5.0;
				TARGETED_DEVICE_FAMILY = "1,2";
			};
			name = Debug;
		};
		F87ABEC027B2A4030087B1C0 /* Release */ = {
			isa = XCBuildConfiguration;
			buildSettings = {
				ASSETCATALOG_COMPILER_APPICON_NAME = AppIcon;
				ASSETCATALOG_COMPILER_GLOBAL_ACCENT_COLOR_NAME = AccentColor;
				CODE_SIGN_STYLE = Automatic;
				CURRENT_PROJECT_VERSION = 1;
				GENERATE_INFOPLIST_FILE = YES;
				INFOPLIST_FILE = TestingUserDefaults/Info.plist;
				INFOPLIST_KEY_UIApplicationSupportsIndirectInputEvents = YES;
				INFOPLIST_KEY_UILaunchStoryboardName = LaunchScreen;
				INFOPLIST_KEY_UIMainStoryboardFile = Main;
				INFOPLIST_KEY_UISupportedInterfaceOrientations_iPad = "UIInterfaceOrientationPortrait UIInterfaceOrientationPortraitUpsideDown UIInterfaceOrientationLandscapeLeft UIInterfaceOrientationLandscapeRight";
				INFOPLIST_KEY_UISupportedInterfaceOrientations_iPhone = "UIInterfaceOrientationPortrait UIInterfaceOrientationLandscapeLeft UIInterfaceOrientationLandscapeRight";
				LD_RUNPATH_SEARCH_PATHS = (
					"$(inherited)",
					"@executable_path/Frameworks",
				);
				MARKETING_VERSION = 1.0;
				PRODUCT_BUNDLE_IDENTIFIER = com.manbehindnickname.TestingUserDefaults;
				PRODUCT_NAME = "$(TARGET_NAME)";
				SWIFT_EMIT_LOC_STRINGS = YES;
				SWIFT_VERSION = 5.0;
				TARGETED_DEVICE_FAMILY = "1,2";
			};
			name = Release;
		};
		F87ABED227B2A43E0087B1C0 /* Debug */ = {
			isa = XCBuildConfiguration;
			buildSettings = {
				BUNDLE_LOADER = "$(TEST_HOST)";
				CLANG_ENABLE_MODULES = YES;
				CODE_SIGN_STYLE = Automatic;
				CURRENT_PROJECT_VERSION = 1;
				GENERATE_INFOPLIST_FILE = YES;
				LD_RUNPATH_SEARCH_PATHS = (
					"$(inherited)",
					"@executable_path/Frameworks",
					"@loader_path/Frameworks",
				);
				MARKETING_VERSION = 1.0;
				PRODUCT_BUNDLE_IDENTIFIER = com.manbehindnickname.TestingUserDefaultsTests;
				PRODUCT_NAME = "$(TARGET_NAME)";
				SWIFT_EMIT_LOC_STRINGS = NO;
				SWIFT_OPTIMIZATION_LEVEL = "-Onone";
				SWIFT_VERSION = 5.0;
				TARGETED_DEVICE_FAMILY = "1,2";
				TEST_HOST = "$(BUILT_PRODUCTS_DIR)/TestingUserDefaults.app/TestingUserDefaults";
			};
			name = Debug;
		};
		F87ABED327B2A43E0087B1C0 /* Release */ = {
			isa = XCBuildConfiguration;
			buildSettings = {
				BUNDLE_LOADER = "$(TEST_HOST)";
				CLANG_ENABLE_MODULES = YES;
				CODE_SIGN_STYLE = Automatic;
				CURRENT_PROJECT_VERSION = 1;
				GENERATE_INFOPLIST_FILE = YES;
				LD_RUNPATH_SEARCH_PATHS = (
					"$(inherited)",
					"@executable_path/Frameworks",
					"@loader_path/Frameworks",
				);
				MARKETING_VERSION = 1.0;
				PRODUCT_BUNDLE_IDENTIFIER = com.manbehindnickname.TestingUserDefaultsTests;
				PRODUCT_NAME = "$(TARGET_NAME)";
				SWIFT_EMIT_LOC_STRINGS = NO;
				SWIFT_VERSION = 5.0;
				TARGETED_DEVICE_FAMILY = "1,2";
				TEST_HOST = "$(BUILT_PRODUCTS_DIR)/TestingUserDefaults.app/TestingUserDefaults";
			};
			name = Release;
		};
/* End XCBuildConfiguration section */

/* Begin XCConfigurationList section */
		F87ABE8F27B2A4020087B1C0 /* Build configuration list for PBXProject "TestingUserDefaults" */ = {
			isa = XCConfigurationList;
			buildConfigurations = (
				F87ABEBC27B2A4030087B1C0 /* Debug */,
				F87ABEBD27B2A4030087B1C0 /* Release */,
			);
			defaultConfigurationIsVisible = 0;
			defaultConfigurationName = Release;
		};
		F87ABEBE27B2A4030087B1C0 /* Build configuration list for PBXNativeTarget "TestingUserDefaults" */ = {
			isa = XCConfigurationList;
			buildConfigurations = (
				F87ABEBF27B2A4030087B1C0 /* Debug */,
				F87ABEC027B2A4030087B1C0 /* Release */,
			);
			defaultConfigurationIsVisible = 0;
			defaultConfigurationName = Release;
		};
		F87ABED127B2A43E0087B1C0 /* Build configuration list for PBXNativeTarget "TestingUserDefaultsTests" */ = {
			isa = XCConfigurationList;
			buildConfigurations = (
				F87ABED227B2A43E0087B1C0 /* Debug */,
				F87ABED327B2A43E0087B1C0 /* Release */,
			);
			defaultConfigurationIsVisible = 0;
			defaultConfigurationName = Release;
		};
/* End XCConfigurationList section */
	};
	rootObject = F87ABE8C27B2A4020087B1C0 /* Project object */;
}
