// !$*UTF8*$!
{
	archiveVersion = 1;
	classes = {
	};
	objectVersion = 55;
	objects = {

/* Begin PBXBuildFile section */
		F8833D9727B3B1A400CA85A2 /* AppDelegate.swift in Sources */ = {isa = PBXBuildFile; fileRef = F8833D9627B3B1A400CA85A2 /* AppDelegate.swift */; };
		F8833D9927B3B1A400CA85A2 /* SceneDelegate.swift in Sources */ = {isa = PBXBuildFile; fileRef = F8833D9827B3B1A400CA85A2 /* SceneDelegate.swift */; };
		F8833D9B27B3B1A400CA85A2 /* ViewController.swift in Sources */ = {isa = PBXBuildFile; fileRef = F8833D9A27B3B1A400CA85A2 /* ViewController.swift */; };
		F8833D9E27B3B1A400CA85A2 /* Main.storyboard in Resources */ = {isa = PBXBuildFile; fileRef = F8833D9C27B3B1A400CA85A2 /* Main.storyboard */; };
		F8833DA027B3B1A500CA85A2 /* Assets.xcassets in Resources */ = {isa = PBXBuildFile; fileRef = F8833D9F27B3B1A500CA85A2 /* Assets.xcassets */; };
		F8833DA327B3B1A500CA85A2 /* LaunchScreen.storyboard in Resources */ = {isa = PBXBuildFile; fileRef = F8833DA127B3B1A500CA85A2 /* LaunchScreen.storyboard */; };
		F8833DC727B3B8BD00CA85A2 /* Network.swift in Sources */ = {isa = PBXBuildFile; fileRef = F8833DC627B3B8BD00CA85A2 /* Network.swift */; };
		F8833DC927B3BAFF00CA85A2 /* SpyNetwork.swift in Sources */ = {isa = PBXBuildFile; fileRef = F8833DC827B3BAFF00CA85A2 /* SpyNetwork.swift */; };
		F8833DCB27B3BC8A00CA85A2 /* ViewControllerTests.swift in Sources */ = {isa = PBXBuildFile; fileRef = F8833DCA27B3BC8A00CA85A2 /* ViewControllerTests.swift */; };
/* End PBXBuildFile section */

/* Begin PBXContainerItemProxy section */
		F8833DAA27B3B1A500CA85A2 /* PBXContainerItemProxy */ = {
			isa = PBXContainerItemProxy;
			containerPortal = F8833D8B27B3B1A400CA85A2 /* Project object */;
			proxyType = 1;
			remoteGlobalIDString = F8833D9227B3B1A400CA85A2;
			remoteInfo = TestingNetworkRequests;
		};
/* End PBXContainerItemProxy section */

/* Begin PBXFileReference section */
		F8833D9327B3B1A400CA85A2 /* TestingNetworkRequests.app */ = {isa = PBXFileReference; explicitFileType = wrapper.application; includeInIndex = 0; path = TestingNetworkRequests.app; sourceTree = BUILT_PRODUCTS_DIR; };
		F8833D9627B3B1A400CA85A2 /* AppDelegate.swift */ = {isa = PBXFileReference; lastKnownFileType = sourcecode.swift; path = AppDelegate.swift; sourceTree = "<group>"; };
		F8833D9827B3B1A400CA85A2 /* SceneDelegate.swift */ = {isa = PBXFileReference; lastKnownFileType = sourcecode.swift; path = SceneDelegate.swift; sourceTree = "<group>"; };
		F8833D9A27B3B1A400CA85A2 /* ViewController.swift */ = {isa = PBXFileReference; lastKnownFileType = sourcecode.swift; path = ViewController.swift; sourceTree = "<group>"; };
		F8833D9D27B3B1A400CA85A2 /* Base */ = {isa = PBXFileReference; lastKnownFileType = file.storyboard; name = Base; path = Base.lproj/Main.storyboard; sourceTree = "<group>"; };
		F8833D9F27B3B1A500CA85A2 /* Assets.xcassets */ = {isa = PBXFileReference; lastKnownFileType = folder.assetcatalog; path = Assets.xcassets; sourceTree = "<group>"; };
		F8833DA227B3B1A500CA85A2 /* Base */ = {isa = PBXFileReference; lastKnownFileType = file.storyboard; name = Base; path = Base.lproj/LaunchScreen.storyboard; sourceTree = "<group>"; };
		F8833DA427B3B1A500CA85A2 /* Info.plist */ = {isa = PBXFileReference; lastKnownFileType = text.plist.xml; path = Info.plist; sourceTree = "<group>"; };
		F8833DA927B3B1A500CA85A2 /* TestingNetworkRequestsTests.xctest */ = {isa = PBXFileReference; explicitFileType = wrapper.cfbundle; includeInIndex = 0; path = TestingNetworkRequestsTests.xctest; sourceTree = BUILT_PRODUCTS_DIR; };
		F8833DC627B3B8BD00CA85A2 /* Network.swift */ = {isa = PBXFileReference; lastKnownFileType = sourcecode.swift; path = Network.swift; sourceTree = "<group>"; };
		F8833DC827B3BAFF00CA85A2 /* SpyNetwork.swift */ = {isa = PBXFileReference; lastKnownFileType = sourcecode.swift; path = SpyNetwork.swift; sourceTree = "<group>"; };
		F8833DCA27B3BC8A00CA85A2 /* ViewControllerTests.swift */ = {isa = PBXFileReference; lastKnownFileType = sourcecode.swift; path = ViewControllerTests.swift; sourceTree = "<group>"; };
/* End PBXFileReference section */

/* Begin PBXFrameworksBuildPhase section */
		F8833D9027B3B1A400CA85A2 /* Frameworks */ = {
			isa = PBXFrameworksBuildPhase;
			buildActionMask = 2147483647;
			files = (
			);
			runOnlyForDeploymentPostprocessing = 0;
		};
		F8833DA627B3B1A500CA85A2 /* Frameworks */ = {
			isa = PBXFrameworksBuildPhase;
			buildActionMask = 2147483647;
			files = (
			);
			runOnlyForDeploymentPostprocessing = 0;
		};
/* End PBXFrameworksBuildPhase section */

/* Begin PBXGroup section */
		F8833D8A27B3B1A400CA85A2 = {
			isa = PBXGroup;
			children = (
				F8833D9527B3B1A400CA85A2 /* TestingNetworkRequests */,
				F8833DAC27B3B1A500CA85A2 /* TestingNetworkRequestsTests */,
				F8833D9427B3B1A400CA85A2 /* Products */,
			);
			sourceTree = "<group>";
		};
		F8833D9427B3B1A400CA85A2 /* Products */ = {
			isa = PBXGroup;
			children = (
				F8833D9327B3B1A400CA85A2 /* TestingNetworkRequests.app */,
				F8833DA927B3B1A500CA85A2 /* TestingNetworkRequestsTests.xctest */,
			);
			name = Products;
			sourceTree = "<group>";
		};
		F8833D9527B3B1A400CA85A2 /* TestingNetworkRequests */ = {
			isa = PBXGroup;
			children = (
				F8833D9627B3B1A400CA85A2 /* AppDelegate.swift */,
				F8833D9827B3B1A400CA85A2 /* SceneDelegate.swift */,
				F8833D9A27B3B1A400CA85A2 /* ViewController.swift */,
				F8833DC627B3B8BD00CA85A2 /* Network.swift */,
				F8833D9C27B3B1A400CA85A2 /* Main.storyboard */,
				F8833D9F27B3B1A500CA85A2 /* Assets.xcassets */,
				F8833DA127B3B1A500CA85A2 /* LaunchScreen.storyboard */,
				F8833DA427B3B1A500CA85A2 /* Info.plist */,
			);
			path = TestingNetworkRequests;
			sourceTree = "<group>";
		};
		F8833DAC27B3B1A500CA85A2 /* TestingNetworkRequestsTests */ = {
			isa = PBXGroup;
			children = (
				F8833DC827B3BAFF00CA85A2 /* SpyNetwork.swift */,
				F8833DCA27B3BC8A00CA85A2 /* ViewControllerTests.swift */,
			);
			path = TestingNetworkRequestsTests;
			sourceTree = "<group>";
		};
/* End PBXGroup section */

/* Begin PBXNativeTarget section */
		F8833D9227B3B1A400CA85A2 /* TestingNetworkRequests */ = {
			isa = PBXNativeTarget;
			buildConfigurationList = F8833DBD27B3B1A500CA85A2 /* Build configuration list for PBXNativeTarget "TestingNetworkRequests" */;
			buildPhases = (
				F8833D8F27B3B1A400CA85A2 /* Sources */,
				F8833D9027B3B1A400CA85A2 /* Frameworks */,
				F8833D9127B3B1A400CA85A2 /* Resources */,
			);
			buildRules = (
			);
			dependencies = (
			);
			name = TestingNetworkRequests;
			productName = TestingNetworkRequests;
			productReference = F8833D9327B3B1A400CA85A2 /* TestingNetworkRequests.app */;
			productType = "com.apple.product-type.application";
		};
		F8833DA827B3B1A500CA85A2 /* TestingNetworkRequestsTests */ = {
			isa = PBXNativeTarget;
			buildConfigurationList = F8833DC027B3B1A500CA85A2 /* Build configuration list for PBXNativeTarget "TestingNetworkRequestsTests" */;
			buildPhases = (
				F8833DA527B3B1A500CA85A2 /* Sources */,
				F8833DA627B3B1A500CA85A2 /* Frameworks */,
				F8833DA727B3B1A500CA85A2 /* Resources */,
			);
			buildRules = (
			);
			dependencies = (
				F8833DAB27B3B1A500CA85A2 /* PBXTargetDependency */,
			);
			name = TestingNetworkRequestsTests;
			productName = TestingNetworkRequestsTests;
			productReference = F8833DA927B3B1A500CA85A2 /* TestingNetworkRequestsTests.xctest */;
			productType = "com.apple.product-type.bundle.unit-test";
		};
/* End PBXNativeTarget section */

/* Begin PBXProject section */
		F8833D8B27B3B1A400CA85A2 /* Project object */ = {
			isa = PBXProject;
			attributes = {
				BuildIndependentTargetsInParallel = 1;
				LastSwiftUpdateCheck = 1320;
				LastUpgradeCheck = 1320;
				TargetAttributes = {
					F8833D9227B3B1A400CA85A2 = {
						CreatedOnToolsVersion = 13.2.1;
					};
					F8833DA827B3B1A500CA85A2 = {
						CreatedOnToolsVersion = 13.2.1;
						LastSwiftMigration = 1320;
						TestTargetID = F8833D9227B3B1A400CA85A2;
					};
				};
			};
			buildConfigurationList = F8833D8E27B3B1A400CA85A2 /* Build configuration list for PBXProject "TestingNetworkRequests" */;
			compatibilityVersion = "Xcode 13.0";
			developmentRegion = en;
			hasScannedForEncodings = 0;
			knownRegions = (
				en,
				Base,
			);
			mainGroup = F8833D8A27B3B1A400CA85A2;
			productRefGroup = F8833D9427B3B1A400CA85A2 /* Products */;
			projectDirPath = "";
			projectRoot = "";
			targets = (
				F8833D9227B3B1A400CA85A2 /* TestingNetworkRequests */,
				F8833DA827B3B1A500CA85A2 /* TestingNetworkRequestsTests */,
			);
		};
/* End PBXProject section */

/* Begin PBXResourcesBuildPhase section */
		F8833D9127B3B1A400CA85A2 /* Resources */ = {
			isa = PBXResourcesBuildPhase;
			buildActionMask = 2147483647;
			files = (
				F8833DA327B3B1A500CA85A2 /* LaunchScreen.storyboard in Resources */,
				F8833DA027B3B1A500CA85A2 /* Assets.xcassets in Resources */,
				F8833D9E27B3B1A400CA85A2 /* Main.storyboard in Resources */,
			);
			runOnlyForDeploymentPostprocessing = 0;
		};
		F8833DA727B3B1A500CA85A2 /* Resources */ = {
			isa = PBXResourcesBuildPhase;
			buildActionMask = 2147483647;
			files = (
			);
			runOnlyForDeploymentPostprocessing = 0;
		};
/* End PBXResourcesBuildPhase section */

/* Begin PBXSourcesBuildPhase section */
		F8833D8F27B3B1A400CA85A2 /* Sources */ = {
			isa = PBXSourcesBuildPhase;
			buildActionMask = 2147483647;
			files = (
				F8833D9B27B3B1A400CA85A2 /* ViewController.swift in Sources */,
				F8833D9727B3B1A400CA85A2 /* AppDelegate.swift in Sources */,
				F8833DC727B3B8BD00CA85A2 /* Network.swift in Sources */,
				F8833D9927B3B1A400CA85A2 /* SceneDelegate.swift in Sources */,
			);
			runOnlyForDeploymentPostprocessing = 0;
		};
		F8833DA527B3B1A500CA85A2 /* Sources */ = {
			isa = PBXSourcesBuildPhase;
			buildActionMask = 2147483647;
			files = (
				F8833DCB27B3BC8A00CA85A2 /* ViewControllerTests.swift in Sources */,
				F8833DC927B3BAFF00CA85A2 /* SpyNetwork.swift in Sources */,
			);
			runOnlyForDeploymentPostprocessing = 0;
		};
/* End PBXSourcesBuildPhase section */

/* Begin PBXTargetDependency section */
		F8833DAB27B3B1A500CA85A2 /* PBXTargetDependency */ = {
			isa = PBXTargetDependency;
			target = F8833D9227B3B1A400CA85A2 /* TestingNetworkRequests */;
			targetProxy = F8833DAA27B3B1A500CA85A2 /* PBXContainerItemProxy */;
		};
/* End PBXTargetDependency section */

/* Begin PBXVariantGroup section */
		F8833D9C27B3B1A400CA85A2 /* Main.storyboard */ = {
			isa = PBXVariantGroup;
			children = (
				F8833D9D27B3B1A400CA85A2 /* Base */,
			);
			name = Main.storyboard;
			sourceTree = "<group>";
		};
		F8833DA127B3B1A500CA85A2 /* LaunchScreen.storyboard */ = {
			isa = PBXVariantGroup;
			children = (
				F8833DA227B3B1A500CA85A2 /* Base */,
			);
			name = LaunchScreen.storyboard;
			sourceTree = "<group>";
		};
/* End PBXVariantGroup section */

/* Begin XCBuildConfiguration section */
		F8833DBB27B3B1A500CA85A2 /* Debug */ = {
			isa = XCBuildConfiguration;
			buildSettings = {
				ALWAYS_SEARCH_USER_PATHS = NO;
				CLANG_ANALYZER_NONNULL = YES;
				CLANG_ANALYZER_NUMBER_OBJECT_CONVERSION = YES_AGGRESSIVE;
				CLANG_CXX_LANGUAGE_STANDARD = "gnu++17";
				CLANG_CXX_LIBRARY = "libc++";
				CLANG_ENABLE_MODULES = YES;
				CLANG_ENABLE_OBJC_ARC = YES;
				CLANG_ENABLE_OBJC_WEAK = YES;
				CLANG_WARN_BLOCK_CAPTURE_AUTORELEASING = YES;
				CLANG_WARN_BOOL_CONVERSION = YES;
				CLANG_WARN_COMMA = YES;
				CLANG_WARN_CONSTANT_CONVERSION = YES;
				CLANG_WARN_DEPRECATED_OBJC_IMPLEMENTATIONS = YES;
				CLANG_WARN_DIRECT_OBJC_ISA_USAGE = YES_ERROR;
				CLANG_WARN_DOCUMENTATION_COMMENTS = YES;
				CLANG_WARN_EMPTY_BODY = YES;
				CLANG_WARN_ENUM_CONVERSION = YES;
				CLANG_WARN_INFINITE_RECURSION = YES;
				CLANG_WARN_INT_CONVERSION = YES;
				CLANG_WARN_NON_LITERAL_NULL_CONVERSION = YES;
				CLANG_WARN_OBJC_IMPLICIT_RETAIN_SELF = YES;
				CLANG_WARN_OBJC_LITERAL_CONVERSION = YES;
				CLANG_WARN_OBJC_ROOT_CLASS = YES_ERROR;
				CLANG_WARN_QUOTED_INCLUDE_IN_FRAMEWORK_HEADER = YES;
				CLANG_WARN_RANGE_LOOP_ANALYSIS = YES;
				CLANG_WARN_STRICT_PROTOTYPES = YES;
				CLANG_WARN_SUSPICIOUS_MOVE = YES;
				CLANG_WARN_UNGUARDED_AVAILABILITY = YES_AGGRESSIVE;
				CLANG_WARN_UNREACHABLE_CODE = YES;
				CLANG_WARN__DUPLICATE_METHOD_MATCH = YES;
				COPY_PHASE_STRIP = NO;
				DEBUG_INFORMATION_FORMAT = dwarf;
				ENABLE_STRICT_OBJC_MSGSEND = YES;
				ENABLE_TESTABILITY = YES;
				GCC_C_LANGUAGE_STANDARD = gnu11;
				GCC_DYNAMIC_NO_PIC = NO;
				GCC_NO_COMMON_BLOCKS = YES;
				GCC_OPTIMIZATION_LEVEL = 0;
				GCC_PREPROCESSOR_DEFINITIONS = (
					"DEBUG=1",
					"$(inherited)",
				);
				GCC_WARN_64_TO_32_BIT_CONVERSION = YES;
				GCC_WARN_ABOUT_RETURN_TYPE = YES_ERROR;
				GCC_WARN_UNDECLARED_SELECTOR = YES;
				GCC_WARN_UNINITIALIZED_AUTOS = YES_AGGRESSIVE;
				GCC_WARN_UNUSED_FUNCTION = YES;
				GCC_WARN_UNUSED_VARIABLE = YES;
				IPHONEOS_DEPLOYMENT_TARGET = 15.2;
				MTL_ENABLE_DEBUG_INFO = INCLUDE_SOURCE;
				MTL_FAST_MATH = YES;
				ONLY_ACTIVE_ARCH = YES;
				SDKROOT = iphoneos;
				SWIFT_ACTIVE_COMPILATION_CONDITIONS = DEBUG;
				SWIFT_OPTIMIZATION_LEVEL = "-Onone";
			};
			name = Debug;
		};
		F8833DBC27B3B1A500CA85A2 /* Release */ = {
			isa = XCBuildConfiguration;
			buildSettings = {
				ALWAYS_SEARCH_USER_PATHS = NO;
				CLANG_ANALYZER_NONNULL = YES;
				CLANG_ANALYZER_NUMBER_OBJECT_CONVERSION = YES_AGGRESSIVE;
				CLANG_CXX_LANGUAGE_STANDARD = "gnu++17";
				CLANG_CXX_LIBRARY = "libc++";
				CLANG_ENABLE_MODULES = YES;
				CLANG_ENABLE_OBJC_ARC = YES;
				CLANG_ENABLE_OBJC_WEAK = YES;
				CLANG_WARN_BLOCK_CAPTURE_AUTORELEASING = YES;
				CLANG_WARN_BOOL_CONVERSION = YES;
				CLANG_WARN_COMMA = YES;
				CLANG_WARN_CONSTANT_CONVERSION = YES;
				CLANG_WARN_DEPRECATED_OBJC_IMPLEMENTATIONS = YES;
				CLANG_WARN_DIRECT_OBJC_ISA_USAGE = YES_ERROR;
				CLANG_WARN_DOCUMENTATION_COMMENTS = YES;
				CLANG_WARN_EMPTY_BODY = YES;
				CLANG_WARN_ENUM_CONVERSION = YES;
				CLANG_WARN_INFINITE_RECURSION = YES;
				CLANG_WARN_INT_CONVERSION = YES;
				CLANG_WARN_NON_LITERAL_NULL_CONVERSION = YES;
				CLANG_WARN_OBJC_IMPLICIT_RETAIN_SELF = YES;
				CLANG_WARN_OBJC_LITERAL_CONVERSION = YES;
				CLANG_WARN_OBJC_ROOT_CLASS = YES_ERROR;
				CLANG_WARN_QUOTED_INCLUDE_IN_FRAMEWORK_HEADER = YES;
				CLANG_WARN_RANGE_LOOP_ANALYSIS = YES;
				CLANG_WARN_STRICT_PROTOTYPES = YES;
				CLANG_WARN_SUSPICIOUS_MOVE = YES;
				CLANG_WARN_UNGUARDED_AVAILABILITY = YES_AGGRESSIVE;
				CLANG_WARN_UNREACHABLE_CODE = YES;
				CLANG_WARN__DUPLICATE_METHOD_MATCH = YES;
				COPY_PHASE_STRIP = NO;
				DEBUG_INFORMATION_FORMAT = "dwarf-with-dsym";
				ENABLE_NS_ASSERTIONS = NO;
				ENABLE_STRICT_OBJC_MSGSEND = YES;
				GCC_C_LANGUAGE_STANDARD = gnu11;
				GCC_NO_COMMON_BLOCKS = YES;
				GCC_WARN_64_TO_32_BIT_CONVERSION = YES;
				GCC_WARN_ABOUT_RETURN_TYPE = YES_ERROR;
				GCC_WARN_UNDECLARED_SELECTOR = YES;
				GCC_WARN_UNINITIALIZED_AUTOS = YES_AGGRESSIVE;
				GCC_WARN_UNUSED_FUNCTION = YES;
				GCC_WARN_UNUSED_VARIABLE = YES;
				IPHONEOS_DEPLOYMENT_TARGET = 15.2;
				MTL_ENABLE_DEBUG_INFO = NO;
				MTL_FAST_MATH = YES;
				SDKROOT = iphoneos;
				SWIFT_COMPILATION_MODE = wholemodule;
				SWIFT_OPTIMIZATION_LEVEL = "-O";
				VALIDATE_PRODUCT = YES;
			};
			name = Release;
		};
		F8833DBE27B3B1A500CA85A2 /* Debug */ = {
			isa = XCBuildConfiguration;
			buildSettings = {
				ASSETCATALOG_COMPILER_APPICON_NAME = AppIcon;
				ASSETCATALOG_COMPILER_GLOBAL_ACCENT_COLOR_NAME = AccentColor;
				CODE_SIGN_STYLE = Automatic;
				CURRENT_PROJECT_VERSION = 1;
				GENERATE_INFOPLIST_FILE = YES;
				INFOPLIST_FILE = TestingNetworkRequests/Info.plist;
				INFOPLIST_KEY_UIApplicationSupportsIndirectInputEvents = YES;
				INFOPLIST_KEY_UILaunchStoryboardName = LaunchScreen;
				INFOPLIST_KEY_UIMainStoryboardFile = Main;
				INFOPLIST_KEY_UISupportedInterfaceOrientations_iPad = "UIInterfaceOrientationPortrait UIInterfaceOrientationPortraitUpsideDown UIInterfaceOrientationLandscapeLeft UIInterfaceOrientationLandscapeRight";
				INFOPLIST_KEY_UISupportedInterfaceOrientations_iPhone = "UIInterfaceOrientationPortrait UIInterfaceOrientationLandscapeLeft UIInterfaceOrientationLandscapeRight";
				LD_RUNPATH_SEARCH_PATHS = (
					"$(inherited)",
					"@executable_path/Frameworks",
				);
				MARKETING_VERSION = 1.0;
				PRODUCT_BUNDLE_IDENTIFIER = com.manbehindnickname.TestingNetworkRequests;
				PRODUCT_NAME = "$(TARGET_NAME)";
				SWIFT_EMIT_LOC_STRINGS = YES;
				SWIFT_VERSION = 5.0;
				TARGETED_DEVICE_FAMILY = "1,2";
			};
			name = Debug;
		};
		F8833DBF27B3B1A500CA85A2 /* Release */ = {
			isa = XCBuildConfiguration;
			buildSettings = {
				ASSETCATALOG_COMPILER_APPICON_NAME = AppIcon;
				ASSETCATALOG_COMPILER_GLOBAL_ACCENT_COLOR_NAME = AccentColor;
				CODE_SIGN_STYLE = Automatic;
				CURRENT_PROJECT_VERSION = 1;
				GENERATE_INFOPLIST_FILE = YES;
				INFOPLIST_FILE = TestingNetworkRequests/Info.plist;
				INFOPLIST_KEY_UIApplicationSupportsIndirectInputEvents = YES;
				INFOPLIST_KEY_UILaunchStoryboardName = LaunchScreen;
				INFOPLIST_KEY_UIMainStoryboardFile = Main;
				INFOPLIST_KEY_UISupportedInterfaceOrientations_iPad = "UIInterfaceOrientationPortrait UIInterfaceOrientationPortraitUpsideDown UIInterfaceOrientationLandscapeLeft UIInterfaceOrientationLandscapeRight";
				INFOPLIST_KEY_UISupportedInterfaceOrientations_iPhone = "UIInterfaceOrientationPortrait UIInterfaceOrientationLandscapeLeft UIInterfaceOrientationLandscapeRight";
				LD_RUNPATH_SEARCH_PATHS = (
					"$(inherited)",
					"@executable_path/Frameworks",
				);
				MARKETING_VERSION = 1.0;
				PRODUCT_BUNDLE_IDENTIFIER = com.manbehindnickname.TestingNetworkRequests;
				PRODUCT_NAME = "$(TARGET_NAME)";
				SWIFT_EMIT_LOC_STRINGS = YES;
				SWIFT_VERSION = 5.0;
				TARGETED_DEVICE_FAMILY = "1,2";
			};
			name = Release;
		};
		F8833DC127B3B1A500CA85A2 /* Debug */ = {
			isa = XCBuildConfiguration;
			buildSettings = {
				ALWAYS_EMBED_SWIFT_STANDARD_LIBRARIES = YES;
				BUNDLE_LOADER = "$(TEST_HOST)";
				CLANG_ENABLE_MODULES = YES;
				CODE_SIGN_STYLE = Automatic;
				CURRENT_PROJECT_VERSION = 1;
				GENERATE_INFOPLIST_FILE = YES;
				IPHONEOS_DEPLOYMENT_TARGET = 15.2;
				LD_RUNPATH_SEARCH_PATHS = (
					"$(inherited)",
					"@executable_path/Frameworks",
					"@loader_path/Frameworks",
				);
				MARKETING_VERSION = 1.0;
				PRODUCT_BUNDLE_IDENTIFIER = com.manbehindnickname.TestingNetworkRequestsTests;
				PRODUCT_NAME = "$(TARGET_NAME)";
				SWIFT_EMIT_LOC_STRINGS = NO;
				SWIFT_OPTIMIZATION_LEVEL = "-Onone";
				SWIFT_VERSION = 5.0;
				TARGETED_DEVICE_FAMILY = "1,2";
				TEST_HOST = "$(BUILT_PRODUCTS_DIR)/TestingNetworkRequests.app/TestingNetworkRequests";
			};
			name = Debug;
		};
		F8833DC227B3B1A500CA85A2 /* Release */ = {
			isa = XCBuildConfiguration;
			buildSettings = {
				ALWAYS_EMBED_SWIFT_STANDARD_LIBRARIES = YES;
				BUNDLE_LOADER = "$(TEST_HOST)";
				CLANG_ENABLE_MODULES = YES;
				CODE_SIGN_STYLE = Automatic;
				CURRENT_PROJECT_VERSION = 1;
				GENERATE_INFOPLIST_FILE = YES;
				IPHONEOS_DEPLOYMENT_TARGET = 15.2;
				LD_RUNPATH_SEARCH_PATHS = (
					"$(inherited)",
					"@executable_path/Frameworks",
					"@loader_path/Frameworks",
				);
				MARKETING_VERSION = 1.0;
				PRODUCT_BUNDLE_IDENTIFIER = com.manbehindnickname.TestingNetworkRequestsTests;
				PRODUCT_NAME = "$(TARGET_NAME)";
				SWIFT_EMIT_LOC_STRINGS = NO;
				SWIFT_VERSION = 5.0;
				TARGETED_DEVICE_FAMILY = "1,2";
				TEST_HOST = "$(BUILT_PRODUCTS_DIR)/TestingNetworkRequests.app/TestingNetworkRequests";
			};
			name = Release;
		};
/* End XCBuildConfiguration section */

/* Begin XCConfigurationList section */
		F8833D8E27B3B1A400CA85A2 /* Build configuration list for PBXProject "TestingNetworkRequests" */ = {
			isa = XCConfigurationList;
			buildConfigurations = (
				F8833DBB27B3B1A500CA85A2 /* Debug */,
				F8833DBC27B3B1A500CA85A2 /* Release */,
			);
			defaultConfigurationIsVisible = 0;
			defaultConfigurationName = Release;
		};
		F8833DBD27B3B1A500CA85A2 /* Build configuration list for PBXNativeTarget "TestingNetworkRequests" */ = {
			isa = XCConfigurationList;
			buildConfigurations = (
				F8833DBE27B3B1A500CA85A2 /* Debug */,
				F8833DBF27B3B1A500CA85A2 /* Release */,
			);
			defaultConfigurationIsVisible = 0;
			defaultConfigurationName = Release;
		};
		F8833DC027B3B1A500CA85A2 /* Build configuration list for PBXNativeTarget "TestingNetworkRequestsTests" */ = {
			isa = XCConfigurationList;
			buildConfigurations = (
				F8833DC127B3B1A500CA85A2 /* Debug */,
				F8833DC227B3B1A500CA85A2 /* Release */,
			);
			defaultConfigurationIsVisible = 0;
			defaultConfigurationName = Release;
		};
/* End XCConfigurationList section */
	};
	rootObject = F8833D8B27B3B1A400CA85A2 /* Project object */;
}
